// !$*UTF8*$!
{
	archiveVersion = 1;
	classes = {
	};
	objectVersion = 50;
	objects = {

/* Begin PBXBuildFile section */
		CB68F605213599EE00B4E686 /* AppDelegate.swift in Sources */ = {isa = PBXBuildFile; fileRef = CB68F604213599EE00B4E686 /* AppDelegate.swift */; };
		CB68F607213599EE00B4E686 /* ViewController.swift in Sources */ = {isa = PBXBuildFile; fileRef = CB68F606213599EE00B4E686 /* ViewController.swift */; };
		CB68F60A213599EE00B4E686 /* Main.storyboard in Resources */ = {isa = PBXBuildFile; fileRef = CB68F608213599EE00B4E686 /* Main.storyboard */; };
		CB68F60C213599EF00B4E686 /* Assets.xcassets in Resources */ = {isa = PBXBuildFile; fileRef = CB68F60B213599EF00B4E686 /* Assets.xcassets */; };
		CB68F60F213599EF00B4E686 /* LaunchScreen.storyboard in Resources */ = {isa = PBXBuildFile; fileRef = CB68F60D213599EF00B4E686 /* LaunchScreen.storyboard */; };
		CB68F61A213599EF00B4E686 /* foodTrackerTests.swift in Sources */ = {isa = PBXBuildFile; fileRef = CB68F619213599EF00B4E686 /* foodTrackerTests.swift */; };
		CB68F625213599EF00B4E686 /* foodTrackerUITests.swift in Sources */ = {isa = PBXBuildFile; fileRef = CB68F624213599EF00B4E686 /* foodTrackerUITests.swift */; };
		CB72CD87213842D80090BFC7 /* RatingControl.swift in Sources */ = {isa = PBXBuildFile; fileRef = CB72CD86213842D80090BFC7 /* RatingControl.swift */; };
		CBA3BB53215D1D2900C90AC5 /* Meal.swift in Sources */ = {isa = PBXBuildFile; fileRef = CBA3BB52215D1D2900C90AC5 /* Meal.swift */; };
		CBFC243F215E73BE00E3D673 /* MealTableViewCell.swift in Sources */ = {isa = PBXBuildFile; fileRef = CBFC243E215E73BE00E3D673 /* MealTableViewCell.swift */; };
		CBFC2443215E80F300E3D673 /* MealTableViewController.swift in Sources */ = {isa = PBXBuildFile; fileRef = CBFC2442215E80F300E3D673 /* MealTableViewController.swift */; };
/* End PBXBuildFile section */

/* Begin PBXContainerItemProxy section */
		CB68F616213599EF00B4E686 /* PBXContainerItemProxy */ = {
			isa = PBXContainerItemProxy;
			containerPortal = CB68F5F9213599EE00B4E686 /* Project object */;
			proxyType = 1;
			remoteGlobalIDString = CB68F600213599EE00B4E686;
			remoteInfo = foodTracker;
		};
		CB68F621213599EF00B4E686 /* PBXContainerItemProxy */ = {
			isa = PBXContainerItemProxy;
			containerPortal = CB68F5F9213599EE00B4E686 /* Project object */;
			proxyType = 1;
			remoteGlobalIDString = CB68F600213599EE00B4E686;
			remoteInfo = foodTracker;
		};
/* End PBXContainerItemProxy section */

/* Begin PBXFileReference section */
		CB68F601213599EE00B4E686 /* foodTracker.app */ = {isa = PBXFileReference; explicitFileType = wrapper.application; includeInIndex = 0; path = foodTracker.app; sourceTree = BUILT_PRODUCTS_DIR; };
		CB68F604213599EE00B4E686 /* AppDelegate.swift */ = {isa = PBXFileReference; lastKnownFileType = sourcecode.swift; path = AppDelegate.swift; sourceTree = "<group>"; };
		CB68F606213599EE00B4E686 /* ViewController.swift */ = {isa = PBXFileReference; lastKnownFileType = sourcecode.swift; path = ViewController.swift; sourceTree = "<group>"; };
		CB68F609213599EE00B4E686 /* Base */ = {isa = PBXFileReference; lastKnownFileType = file.storyboard; name = Base; path = Base.lproj/Main.storyboard; sourceTree = "<group>"; };
		CB68F60B213599EF00B4E686 /* Assets.xcassets */ = {isa = PBXFileReference; lastKnownFileType = folder.assetcatalog; path = Assets.xcassets; sourceTree = "<group>"; };
		CB68F60E213599EF00B4E686 /* Base */ = {isa = PBXFileReference; lastKnownFileType = file.storyboard; name = Base; path = Base.lproj/LaunchScreen.storyboard; sourceTree = "<group>"; };
		CB68F610213599EF00B4E686 /* Info.plist */ = {isa = PBXFileReference; lastKnownFileType = text.plist.xml; path = Info.plist; sourceTree = "<group>"; };
		CB68F615213599EF00B4E686 /* foodTrackerTests.xctest */ = {isa = PBXFileReference; explicitFileType = wrapper.cfbundle; includeInIndex = 0; path = foodTrackerTests.xctest; sourceTree = BUILT_PRODUCTS_DIR; };
		CB68F619213599EF00B4E686 /* foodTrackerTests.swift */ = {isa = PBXFileReference; lastKnownFileType = sourcecode.swift; path = foodTrackerTests.swift; sourceTree = "<group>"; };
		CB68F61B213599EF00B4E686 /* Info.plist */ = {isa = PBXFileReference; lastKnownFileType = text.plist.xml; path = Info.plist; sourceTree = "<group>"; };
		CB68F620213599EF00B4E686 /* foodTrackerUITests.xctest */ = {isa = PBXFileReference; explicitFileType = wrapper.cfbundle; includeInIndex = 0; path = foodTrackerUITests.xctest; sourceTree = BUILT_PRODUCTS_DIR; };
		CB68F624213599EF00B4E686 /* foodTrackerUITests.swift */ = {isa = PBXFileReference; lastKnownFileType = sourcecode.swift; path = foodTrackerUITests.swift; sourceTree = "<group>"; };
		CB68F626213599EF00B4E686 /* Info.plist */ = {isa = PBXFileReference; lastKnownFileType = text.plist.xml; path = Info.plist; sourceTree = "<group>"; };
		CB72CD86213842D80090BFC7 /* RatingControl.swift */ = {isa = PBXFileReference; lastKnownFileType = sourcecode.swift; path = RatingControl.swift; sourceTree = "<group>"; };
		CBA3BB52215D1D2900C90AC5 /* Meal.swift */ = {isa = PBXFileReference; lastKnownFileType = sourcecode.swift; path = Meal.swift; sourceTree = "<group>"; };
		CBFC243E215E73BE00E3D673 /* MealTableViewCell.swift */ = {isa = PBXFileReference; lastKnownFileType = sourcecode.swift; path = MealTableViewCell.swift; sourceTree = "<group>"; };
		CBFC2442215E80F300E3D673 /* MealTableViewController.swift */ = {isa = PBXFileReference; lastKnownFileType = sourcecode.swift; path = MealTableViewController.swift; sourceTree = "<group>"; };
/* End PBXFileReference section */

/* Begin PBXFrameworksBuildPhase section */
		CB68F5FE213599EE00B4E686 /* Frameworks */ = {
			isa = PBXFrameworksBuildPhase;
			buildActionMask = 2147483647;
			files = (
			);
			runOnlyForDeploymentPostprocessing = 0;
		};
		CB68F612213599EF00B4E686 /* Frameworks */ = {
			isa = PBXFrameworksBuildPhase;
			buildActionMask = 2147483647;
			files = (
			);
			runOnlyForDeploymentPostprocessing = 0;
		};
		CB68F61D213599EF00B4E686 /* Frameworks */ = {
			isa = PBXFrameworksBuildPhase;
			buildActionMask = 2147483647;
			files = (
			);
			runOnlyForDeploymentPostprocessing = 0;
		};
/* End PBXFrameworksBuildPhase section */

/* Begin PBXGroup section */
		CB68F5F8213599EE00B4E686 = {
			isa = PBXGroup;
			children = (
				CB68F603213599EE00B4E686 /* foodTracker */,
				CB68F618213599EF00B4E686 /* foodTrackerTests */,
				CB68F623213599EF00B4E686 /* foodTrackerUITests */,
				CB68F602213599EE00B4E686 /* Products */,
			);
			sourceTree = "<group>";
		};
		CB68F602213599EE00B4E686 /* Products */ = {
			isa = PBXGroup;
			children = (
				CB68F601213599EE00B4E686 /* foodTracker.app */,
				CB68F615213599EF00B4E686 /* foodTrackerTests.xctest */,
				CB68F620213599EF00B4E686 /* foodTrackerUITests.xctest */,
			);
			name = Products;
			sourceTree = "<group>";
		};
		CB68F603213599EE00B4E686 /* foodTracker */ = {
			isa = PBXGroup;
			children = (
				CB68F604213599EE00B4E686 /* AppDelegate.swift */,
				CB68F606213599EE00B4E686 /* ViewController.swift */,
				CB72CD86213842D80090BFC7 /* RatingControl.swift */,
				CB68F608213599EE00B4E686 /* Main.storyboard */,
				CBFC2442215E80F300E3D673 /* MealTableViewController.swift */,
				CBFC243E215E73BE00E3D673 /* MealTableViewCell.swift */,
				CBA3BB52215D1D2900C90AC5 /* Meal.swift */,
				CB68F60B213599EF00B4E686 /* Assets.xcassets */,
				CB68F60D213599EF00B4E686 /* LaunchScreen.storyboard */,
				CB68F610213599EF00B4E686 /* Info.plist */,
			);
			path = foodTracker;
			sourceTree = "<group>";
		};
		CB68F618213599EF00B4E686 /* foodTrackerTests */ = {
			isa = PBXGroup;
			children = (
				CB68F619213599EF00B4E686 /* foodTrackerTests.swift */,
				CB68F61B213599EF00B4E686 /* Info.plist */,
			);
			path = foodTrackerTests;
			sourceTree = "<group>";
		};
		CB68F623213599EF00B4E686 /* foodTrackerUITests */ = {
			isa = PBXGroup;
			children = (
				CB68F624213599EF00B4E686 /* foodTrackerUITests.swift */,
				CB68F626213599EF00B4E686 /* Info.plist */,
			);
			path = foodTrackerUITests;
			sourceTree = "<group>";
		};
/* End PBXGroup section */

/* Begin PBXNativeTarget section */
		CB68F600213599EE00B4E686 /* foodTracker */ = {
			isa = PBXNativeTarget;
			buildConfigurationList = CB68F629213599EF00B4E686 /* Build configuration list for PBXNativeTarget "foodTracker" */;
			buildPhases = (
				CB68F5FD213599EE00B4E686 /* Sources */,
				CB68F5FE213599EE00B4E686 /* Frameworks */,
				CB68F5FF213599EE00B4E686 /* Resources */,
			);
			buildRules = (
			);
			dependencies = (
			);
			name = foodTracker;
			productName = foodTracker;
			productReference = CB68F601213599EE00B4E686 /* foodTracker.app */;
			productType = "com.apple.product-type.application";
		};
		CB68F614213599EF00B4E686 /* foodTrackerTests */ = {
			isa = PBXNativeTarget;
			buildConfigurationList = CB68F62C213599EF00B4E686 /* Build configuration list for PBXNativeTarget "foodTrackerTests" */;
			buildPhases = (
				CB68F611213599EF00B4E686 /* Sources */,
				CB68F612213599EF00B4E686 /* Frameworks */,
				CB68F613213599EF00B4E686 /* Resources */,
			);
			buildRules = (
			);
			dependencies = (
				CB68F617213599EF00B4E686 /* PBXTargetDependency */,
			);
			name = foodTrackerTests;
			productName = foodTrackerTests;
			productReference = CB68F615213599EF00B4E686 /* foodTrackerTests.xctest */;
			productType = "com.apple.product-type.bundle.unit-test";
		};
		CB68F61F213599EF00B4E686 /* foodTrackerUITests */ = {
			isa = PBXNativeTarget;
			buildConfigurationList = CB68F62F213599EF00B4E686 /* Build configuration list for PBXNativeTarget "foodTrackerUITests" */;
			buildPhases = (
				CB68F61C213599EF00B4E686 /* Sources */,
				CB68F61D213599EF00B4E686 /* Frameworks */,
				CB68F61E213599EF00B4E686 /* Resources */,
			);
			buildRules = (
			);
			dependencies = (
				CB68F622213599EF00B4E686 /* PBXTargetDependency */,
			);
			name = foodTrackerUITests;
			productName = foodTrackerUITests;
			productReference = CB68F620213599EF00B4E686 /* foodTrackerUITests.xctest */;
			productType = "com.apple.product-type.bundle.ui-testing";
		};
/* End PBXNativeTarget section */

/* Begin PBXProject section */
		CB68F5F9213599EE00B4E686 /* Project object */ = {
			isa = PBXProject;
			attributes = {
				LastSwiftUpdateCheck = 0940;
				LastUpgradeCheck = 0940;
				ORGANIZATIONNAME = "Tyler Donohue";
				TargetAttributes = {
					CB68F600213599EE00B4E686 = {
						CreatedOnToolsVersion = 9.4.1;
						LastSwiftMigration = 1000;
					};
					CB68F614213599EF00B4E686 = {
						CreatedOnToolsVersion = 9.4.1;
						LastSwiftMigration = 1000;
						TestTargetID = CB68F600213599EE00B4E686;
					};
					CB68F61F213599EF00B4E686 = {
						CreatedOnToolsVersion = 9.4.1;
						LastSwiftMigration = 1000;
						TestTargetID = CB68F600213599EE00B4E686;
					};
				};
			};
			buildConfigurationList = CB68F5FC213599EE00B4E686 /* Build configuration list for PBXProject "foodTracker" */;
			compatibilityVersion = "Xcode 9.3";
			developmentRegion = en;
			hasScannedForEncodings = 0;
			knownRegions = (
				en,
				Base,
			);
			mainGroup = CB68F5F8213599EE00B4E686;
			productRefGroup = CB68F602213599EE00B4E686 /* Products */;
			projectDirPath = "";
			projectRoot = "";
			targets = (
				CB68F600213599EE00B4E686 /* foodTracker */,
				CB68F614213599EF00B4E686 /* foodTrackerTests */,
				CB68F61F213599EF00B4E686 /* foodTrackerUITests */,
			);
		};
/* End PBXProject section */

/* Begin PBXResourcesBuildPhase section */
		CB68F5FF213599EE00B4E686 /* Resources */ = {
			isa = PBXResourcesBuildPhase;
			buildActionMask = 2147483647;
			files = (
				CB68F60F213599EF00B4E686 /* LaunchScreen.storyboard in Resources */,
				CB68F60C213599EF00B4E686 /* Assets.xcassets in Resources */,
				CB68F60A213599EE00B4E686 /* Main.storyboard in Resources */,
			);
			runOnlyForDeploymentPostprocessing = 0;
		};
		CB68F613213599EF00B4E686 /* Resources */ = {
			isa = PBXResourcesBuildPhase;
			buildActionMask = 2147483647;
			files = (
			);
			runOnlyForDeploymentPostprocessing = 0;
		};
		CB68F61E213599EF00B4E686 /* Resources */ = {
			isa = PBXResourcesBuildPhase;
			buildActionMask = 2147483647;
			files = (
			);
			runOnlyForDeploymentPostprocessing = 0;
		};
/* End PBXResourcesBuildPhase section */

/* Begin PBXSourcesBuildPhase section */
		CB68F5FD213599EE00B4E686 /* Sources */ = {
			isa = PBXSourcesBuildPhase;
			buildActionMask = 2147483647;
			files = (
				CBA3BB53215D1D2900C90AC5 /* Meal.swift in Sources */,
				CBFC2443215E80F300E3D673 /* MealTableViewController.swift in Sources */,
				CB68F607213599EE00B4E686 /* ViewController.swift in Sources */,
				CB72CD87213842D80090BFC7 /* RatingControl.swift in Sources */,
				CB68F605213599EE00B4E686 /* AppDelegate.swift in Sources */,
				CBFC243F215E73BE00E3D673 /* MealTableViewCell.swift in Sources */,
			);
			runOnlyForDeploymentPostprocessing = 0;
		};
		CB68F611213599EF00B4E686 /* Sources */ = {
			isa = PBXSourcesBuildPhase;
			buildActionMask = 2147483647;
			files = (
				CB68F61A213599EF00B4E686 /* foodTrackerTests.swift in Sources */,
			);
			runOnlyForDeploymentPostprocessing = 0;
		};
		CB68F61C213599EF00B4E686 /* Sources */ = {
			isa = PBXSourcesBuildPhase;
			buildActionMask = 2147483647;
			files = (
				CB68F625213599EF00B4E686 /* foodTrackerUITests.swift in Sources */,
			);
			runOnlyForDeploymentPostprocessing = 0;
		};
/* End PBXSourcesBuildPhase section */

/* Begin PBXTargetDependency section */
		CB68F617213599EF00B4E686 /* PBXTargetDependency */ = {
			isa = PBXTargetDependency;
			target = CB68F600213599EE00B4E686 /* foodTracker */;
			targetProxy = CB68F616213599EF00B4E686 /* PBXContainerItemProxy */;
		};
		CB68F622213599EF00B4E686 /* PBXTargetDependency */ = {
			isa = PBXTargetDependency;
			target = CB68F600213599EE00B4E686 /* foodTracker */;
			targetProxy = CB68F621213599EF00B4E686 /* PBXContainerItemProxy */;
		};
/* End PBXTargetDependency section */

/* Begin PBXVariantGroup section */
		CB68F608213599EE00B4E686 /* Main.storyboard */ = {
			isa = PBXVariantGroup;
			children = (
				CB68F609213599EE00B4E686 /* Base */,
			);
			name = Main.storyboard;
			sourceTree = "<group>";
		};
		CB68F60D213599EF00B4E686 /* LaunchScreen.storyboard */ = {
			isa = PBXVariantGroup;
			children = (
				CB68F60E213599EF00B4E686 /* Base */,
			);
			name = LaunchScreen.storyboard;
			sourceTree = "<group>";
		};
/* End PBXVariantGroup section */

/* Begin XCBuildConfiguration section */
		CB68F627213599EF00B4E686 /* Debug */ = {
			isa = XCBuildConfiguration;
			buildSettings = {
				ALWAYS_SEARCH_USER_PATHS = NO;
				CLANG_ANALYZER_NONNULL = YES;
				CLANG_ANALYZER_NUMBER_OBJECT_CONVERSION = YES_AGGRESSIVE;
				CLANG_CXX_LANGUAGE_STANDARD = "gnu++14";
				CLANG_CXX_LIBRARY = "libc++";
				CLANG_ENABLE_MODULES = YES;
				CLANG_ENABLE_OBJC_ARC = YES;
				CLANG_ENABLE_OBJC_WEAK = YES;
				CLANG_WARN_BLOCK_CAPTURE_AUTORELEASING = YES;
				CLANG_WARN_BOOL_CONVERSION = YES;
				CLANG_WARN_COMMA = YES;
				CLANG_WARN_CONSTANT_CONVERSION = YES;
				CLANG_WARN_DEPRECATED_OBJC_IMPLEMENTATIONS = YES;
				CLANG_WARN_DIRECT_OBJC_ISA_USAGE = YES_ERROR;
				CLANG_WARN_DOCUMENTATION_COMMENTS = YES;
				CLANG_WARN_EMPTY_BODY = YES;
				CLANG_WARN_ENUM_CONVERSION = YES;
				CLANG_WARN_INFINITE_RECURSION = YES;
				CLANG_WARN_INT_CONVERSION = YES;
				CLANG_WARN_NON_LITERAL_NULL_CONVERSION = YES;
				CLANG_WARN_OBJC_IMPLICIT_RETAIN_SELF = YES;
				CLANG_WARN_OBJC_LITERAL_CONVERSION = YES;
				CLANG_WARN_OBJC_ROOT_CLASS = YES_ERROR;
				CLANG_WARN_RANGE_LOOP_ANALYSIS = YES;
				CLANG_WARN_STRICT_PROTOTYPES = YES;
				CLANG_WARN_SUSPICIOUS_MOVE = YES;
				CLANG_WARN_UNGUARDED_AVAILABILITY = YES_AGGRESSIVE;
				CLANG_WARN_UNREACHABLE_CODE = YES;
				CLANG_WARN__DUPLICATE_METHOD_MATCH = YES;
				CODE_SIGN_IDENTITY = "iPhone Developer";
				COPY_PHASE_STRIP = NO;
				DEBUG_INFORMATION_FORMAT = dwarf;
				ENABLE_STRICT_OBJC_MSGSEND = YES;
				ENABLE_TESTABILITY = YES;
				GCC_C_LANGUAGE_STANDARD = gnu11;
				GCC_DYNAMIC_NO_PIC = NO;
				GCC_NO_COMMON_BLOCKS = YES;
				GCC_OPTIMIZATION_LEVEL = 0;
				GCC_PREPROCESSOR_DEFINITIONS = (
					"DEBUG=1",
					"$(inherited)",
				);
				GCC_WARN_64_TO_32_BIT_CONVERSION = YES;
				GCC_WARN_ABOUT_RETURN_TYPE = YES_ERROR;
				GCC_WARN_UNDECLARED_SELECTOR = YES;
				GCC_WARN_UNINITIALIZED_AUTOS = YES_AGGRESSIVE;
				GCC_WARN_UNUSED_FUNCTION = YES;
				GCC_WARN_UNUSED_VARIABLE = YES;
				IPHONEOS_DEPLOYMENT_TARGET = 11.4;
				MTL_ENABLE_DEBUG_INFO = YES;
				ONLY_ACTIVE_ARCH = YES;
				SDKROOT = iphoneos;
				SWIFT_ACTIVE_COMPILATION_CONDITIONS = DEBUG;
				SWIFT_OPTIMIZATION_LEVEL = "-Onone";
			};
			name = Debug;
		};
		CB68F628213599EF00B4E686 /* Release */ = {
			isa = XCBuildConfiguration;
			buildSettings = {
				ALWAYS_SEARCH_USER_PATHS = NO;
				CLANG_ANALYZER_NONNULL = YES;
				CLANG_ANALYZER_NUMBER_OBJECT_CONVERSION = YES_AGGRESSIVE;
				CLANG_CXX_LANGUAGE_STANDARD = "gnu++14";
				CLANG_CXX_LIBRARY = "libc++";
				CLANG_ENABLE_MODULES = YES;
				CLANG_ENABLE_OBJC_ARC = YES;
				CLANG_ENABLE_OBJC_WEAK = YES;
				CLANG_WARN_BLOCK_CAPTURE_AUTORELEASING = YES;
				CLANG_WARN_BOOL_CONVERSION = YES;
				CLANG_WARN_COMMA = YES;
				CLANG_WARN_CONSTANT_CONVERSION = YES;
				CLANG_WARN_DEPRECATED_OBJC_IMPLEMENTATIONS = YES;
				CLANG_WARN_DIRECT_OBJC_ISA_USAGE = YES_ERROR;
				CLANG_WARN_DOCUMENTATION_COMMENTS = YES;
				CLANG_WARN_EMPTY_BODY = YES;
				CLANG_WARN_ENUM_CONVERSION = YES;
				CLANG_WARN_INFINITE_RECURSION = YES;
				CLANG_WARN_INT_CONVERSION = YES;
				CLANG_WARN_NON_LITERAL_NULL_CONVERSION = YES;
				CLANG_WARN_OBJC_IMPLICIT_RETAIN_SELF = YES;
				CLANG_WARN_OBJC_LITERAL_CONVERSION = YES;
				CLANG_WARN_OBJC_ROOT_CLASS = YES_ERROR;
				CLANG_WARN_RANGE_LOOP_ANALYSIS = YES;
				CLANG_WARN_STRICT_PROTOTYPES = YES;
				CLANG_WARN_SUSPICIOUS_MOVE = YES;
				CLANG_WARN_UNGUARDED_AVAILABILITY = YES_AGGRESSIVE;
				CLANG_WARN_UNREACHABLE_CODE = YES;
				CLANG_WARN__DUPLICATE_METHOD_MATCH = YES;
				CODE_SIGN_IDENTITY = "iPhone Developer";
				COPY_PHASE_STRIP = NO;
				DEBUG_INFORMATION_FORMAT = "dwarf-with-dsym";
				ENABLE_NS_ASSERTIONS = NO;
				ENABLE_STRICT_OBJC_MSGSEND = YES;
				GCC_C_LANGUAGE_STANDARD = gnu11;
				GCC_NO_COMMON_BLOCKS = YES;
				GCC_WARN_64_TO_32_BIT_CONVERSION = YES;
				GCC_WARN_ABOUT_RETURN_TYPE = YES_ERROR;
				GCC_WARN_UNDECLARED_SELECTOR = YES;
				GCC_WARN_UNINITIALIZED_AUTOS = YES_AGGRESSIVE;
				GCC_WARN_UNUSED_FUNCTION = YES;
				GCC_WARN_UNUSED_VARIABLE = YES;
				IPHONEOS_DEPLOYMENT_TARGET = 11.4;
				MTL_ENABLE_DEBUG_INFO = NO;
				SDKROOT = iphoneos;
				SWIFT_COMPILATION_MODE = wholemodule;
				SWIFT_OPTIMIZATION_LEVEL = "-O";
				VALIDATE_PRODUCT = YES;
			};
			name = Release;
		};
		CB68F62A213599EF00B4E686 /* Debug */ = {
			isa = XCBuildConfiguration;
			buildSettings = {
				ASSETCATALOG_COMPILER_APPICON_NAME = AppIcon;
				CODE_SIGN_STYLE = Automatic;
				INFOPLIST_FILE = foodTracker/Info.plist;
				LD_RUNPATH_SEARCH_PATHS = (
					"$(inherited)",
					"@executable_path/Frameworks",
				);
				PRODUCT_BUNDLE_IDENTIFIER = TyDon.foodTracker;
				PRODUCT_NAME = "$(TARGET_NAME)";
				SWIFT_VERSION = 4.2;
				TARGETED_DEVICE_FAMILY = "1,2";
			};
			name = Debug;
		};
		CB68F62B213599EF00B4E686 /* Release */ = {
			isa = XCBuildConfiguration;
			buildSettings = {
				ASSETCATALOG_COMPILER_APPICON_NAME = AppIcon;
				CODE_SIGN_STYLE = Automatic;
				INFOPLIST_FILE = foodTracker/Info.plist;
				LD_RUNPATH_SEARCH_PATHS = (
					"$(inherited)",
					"@executable_path/Frameworks",
				);
				PRODUCT_BUNDLE_IDENTIFIER = TyDon.foodTracker;
				PRODUCT_NAME = "$(TARGET_NAME)";
				SWIFT_VERSION = 4.2;
				TARGETED_DEVICE_FAMILY = "1,2";
			};
			name = Release;
		};
		CB68F62D213599EF00B4E686 /* Debug */ = {
			isa = XCBuildConfiguration;
			buildSettings = {
				ALWAYS_EMBED_SWIFT_STANDARD_LIBRARIES = YES;
				BUNDLE_LOADER = "$(TEST_HOST)";
				CODE_SIGN_STYLE = Automatic;
				INFOPLIST_FILE = foodTrackerTests/Info.plist;
				LD_RUNPATH_SEARCH_PATHS = (
					"$(inherited)",
					"@executable_path/Frameworks",
					"@loader_path/Frameworks",
				);
				PRODUCT_BUNDLE_IDENTIFIER = TyDon.foodTrackerTests;
				PRODUCT_NAME = "$(TARGET_NAME)";
				SWIFT_VERSION = 4.2;
				TARGETED_DEVICE_FAMILY = "1,2";
				TEST_HOST = "$(BUILT_PRODUCTS_DIR)/foodTracker.app/foodTracker";
			};
			name = Debug;
		};
		CB68F62E213599EF00B4E686 /* Release */ = {
			isa = XCBuildConfiguration;
			buildSettings = {
				ALWAYS_EMBED_SWIFT_STANDARD_LIBRARIES = YES;
				BUNDLE_LOADER = "$(TEST_HOST)";
				CODE_SIGN_STYLE = Automatic;
				INFOPLIST_FILE = foodTrackerTests/Info.plist;
				LD_RUNPATH_SEARCH_PATHS = (
					"$(inherited)",
					"@executable_path/Frameworks",
					"@loader_path/Frameworks",
				);
				PRODUCT_BUNDLE_IDENTIFIER = TyDon.foodTrackerTests;
				PRODUCT_NAME = "$(TARGET_NAME)";
				SWIFT_VERSION = 4.2;
				TARGETED_DEVICE_FAMILY = "1,2";
				TEST_HOST = "$(BUILT_PRODUCTS_DIR)/foodTracker.app/foodTracker";
			};
			name = Release;
		};
		CB68F630213599EF00B4E686 /* Debug */ = {
			isa = XCBuildConfiguration;
			buildSettings = {
				ALWAYS_EMBED_SWIFT_STANDARD_LIBRARIES = YES;
				CODE_SIGN_STYLE = Automatic;
				INFOPLIST_FILE = foodTrackerUITests/Info.plist;
				LD_RUNPATH_SEARCH_PATHS = (
					"$(inherited)",
					"@executable_path/Frameworks",
					"@loader_path/Frameworks",
				);
				PRODUCT_BUNDLE_IDENTIFIER = TyDon.foodTrackerUITests;
				PRODUCT_NAME = "$(TARGET_NAME)";
				SWIFT_VERSION = 4.2;
				TARGETED_DEVICE_FAMILY = "1,2";
				TEST_TARGET_NAME = foodTracker;
			};
			name = Debug;
		};
		CB68F631213599EF00B4E686 /* Release */ = {
			isa = XCBuildConfiguration;
			buildSettings = {
				ALWAYS_EMBED_SWIFT_STANDARD_LIBRARIES = YES;
				CODE_SIGN_STYLE = Automatic;
				INFOPLIST_FILE = foodTrackerUITests/Info.plist;
				LD_RUNPATH_SEARCH_PATHS = (
					"$(inherited)",
					"@executable_path/Frameworks",
					"@loader_path/Frameworks",
				);
				PRODUCT_BUNDLE_IDENTIFIER = TyDon.foodTrackerUITests;
				PRODUCT_NAME = "$(TARGET_NAME)";
				SWIFT_VERSION = 4.2;
				TARGETED_DEVICE_FAMILY = "1,2";
				TEST_TARGET_NAME = foodTracker;
			};
			name = Release;
		};
/* End XCBuildConfiguration section */

/* Begin XCConfigurationList section */
		CB68F5FC213599EE00B4E686 /* Build configuration list for PBXProject "foodTracker" */ = {
			isa = XCConfigurationList;
			buildConfigurations = (
				CB68F627213599EF00B4E686 /* Debug */,
				CB68F628213599EF00B4E686 /* Release */,
			);
			defaultConfigurationIsVisible = 0;
			defaultConfigurationName = Release;
		};
		CB68F629213599EF00B4E686 /* Build configuration list for PBXNativeTarget "foodTracker" */ = {
			isa = XCConfigurationList;
			buildConfigurations = (
				CB68F62A213599EF00B4E686 /* Debug */,
				CB68F62B213599EF00B4E686 /* Release */,
			);
			defaultConfigurationIsVisible = 0;
			defaultConfigurationName = Release;
		};
		CB68F62C213599EF00B4E686 /* Build configuration list for PBXNativeTarget "foodTrackerTests" */ = {
			isa = XCConfigurationList;
			buildConfigurations = (
				CB68F62D213599EF00B4E686 /* Debug */,
				CB68F62E213599EF00B4E686 /* Release */,
			);
			defaultConfigurationIsVisible = 0;
			defaultConfigurationName = Release;
		};
		CB68F62F213599EF00B4E686 /* Build configuration list for PBXNativeTarget "foodTrackerUITests" */ = {
			isa = XCConfigurationList;
			buildConfigurations = (
				CB68F630213599EF00B4E686 /* Debug */,
				CB68F631213599EF00B4E686 /* Release */,
			);
			defaultConfigurationIsVisible = 0;
			defaultConfigurationName = Release;
		};
/* End XCConfigurationList section */
	};
	rootObject = CB68F5F9213599EE00B4E686 /* Project object */;
}
